// !$*UTF8*$!
{
	archiveVersion = 1;
	classes = {
	};
	objectVersion = 77;
	objects = {

/* Begin PBXBuildFile section */
		0050434F96C495256515E6EB /* word_water.png in Resources */ = {isa = PBXBuildFile; fileRef = CFF5A12D9A8B0783FF155E13 /* word_water.png */; };
		01327E020C87251359052A69 /* GazeKalman.swift in Sources */ = {isa = PBXBuildFile; fileRef = 03E639E8EF24538B452E1321 /* GazeKalman.swift */; };
		05100573B8EB9BCAF03820C4 /* FaceNormalizer.swift in Sources */ = {isa = PBXBuildFile; fileRef = 5ADBC7E85386A56AB8AB9DF3 /* FaceNormalizer.swift */; };
		06C808A42EE4DF806FCB8168 /* GazeEstimator.swift in Sources */ = {isa = PBXBuildFile; fileRef = 78F781E3E77972A8BD9FFA69 /* GazeEstimator.swift */; };
		0B0DB6F8423C4B041581198C /* PipelineTuning.swift in Sources */ = {isa = PBXBuildFile; fileRef = CC7C82ABC9E710066E6F7798 /* PipelineTuning.swift */; };
		0BDCA70A3C2E5F3E01E2A6B0 /* CameraIntrinsics.swift in Sources */ = {isa = PBXBuildFile; fileRef = 7C43570287F3CEFE9CE42A17 /* CameraIntrinsics.swift */; };
		0C14DBC26B3DCA2D30EE3E76 /* VisualAngle.swift in Sources */ = {isa = PBXBuildFile; fileRef = C8E35EAB03B11D95B1DEC647 /* VisualAngle.swift */; };
		116A33DD07A7D1ADA6541063 /* word_home.png in Resources */ = {isa = PBXBuildFile; fileRef = EB2E45585F491CFD00B7D207 /* word_home.png */; };
		15D4A7A37D8B64A10955D8E7 /* PredictiveTaskModel.swift in Sources */ = {isa = PBXBuildFile; fileRef = 96C712531FBD1752E6414E26 /* PredictiveTaskModel.swift */; };
		261F734AEAA7779734A5468A /* AccuracyTestOverlay.swift in Sources */ = {isa = PBXBuildFile; fileRef = 6D5A2753BC76C5946CE2A3D8 /* AccuracyTestOverlay.swift */; };
		29298E419A934A9195061315 /* word_i.png in Resources */ = {isa = PBXBuildFile; fileRef = C9F1B9EBC156918B9AF1ECED /* word_i.png */; };
		2F3C7F68179BF39A7835E39C /* CameraPreview.swift in Sources */ = {isa = PBXBuildFile; fileRef = 52865C7C7957395644C89FAA /* CameraPreview.swift */; };
		3228C62B5AA79084938A29BC /* GazeNet.mlpackage in Sources */ = {isa = PBXBuildFile; fileRef = 5B6DA760CDFED09548347BC8 /* GazeNet.mlpackage */; };
		3675792A156EDC2BD4A8AF03 /* GazeViewModel.swift in Sources */ = {isa = PBXBuildFile; fileRef = 65D928153BE9BD91812D2B91 /* GazeViewModel.swift */; };
		38A3F92CA6FBF9442F1D0DCA /* GazeTrackerApp.swift in Sources */ = {isa = PBXBuildFile; fileRef = 030C546D6AE8BBD4C9498CC6 /* GazeTrackerApp.swift */; };
		39DAFD3A99F860A67FB9CB4E /* ContentView.swift in Sources */ = {isa = PBXBuildFile; fileRef = F06E2B88781039C0259D29D0 /* ContentView.swift */; };
		3D79BFC3A82CD29B4433DAB3 /* word_eat.png in Resources */ = {isa = PBXBuildFile; fileRef = FD5EDE8C0EC4B2697AC71C6A /* word_eat.png */; };
		4131CDE4C728CDCC22ED6C1F /* AccuracyResultsView.swift in Sources */ = {isa = PBXBuildFile; fileRef = D2CD8DB62D626F78F4C34A19 /* AccuracyResultsView.swift */; };
		43FC5AC43448B56F2EDE0047 /* word_more.png in Resources */ = {isa = PBXBuildFile; fileRef = AF7224564BD85E7637B82845 /* word_more.png */; };
		4D14C1039BD632539BFD7AF5 /* HeadPoseEstimator.swift in Sources */ = {isa = PBXBuildFile; fileRef = 4E86DB958BAADE7896E315E7 /* HeadPoseEstimator.swift */; };
		50954C1A25EA818098FEF35A /* CameraManager.swift in Sources */ = {isa = PBXBuildFile; fileRef = 583BCAAFD4957B7481E557A7 /* CameraManager.swift */; };
		51B2B8322BDB38D53ED38AAF /* PupilMeasure.swift in Sources */ = {isa = PBXBuildFile; fileRef = 74ABE3282621F7CE88F05C25 /* PupilMeasure.swift */; };
		5C250A398F89278368612C02 /* OneEuroFilter.swift in Sources */ = {isa = PBXBuildFile; fileRef = 99B8D60DB309857E023FF8D7 /* OneEuroFilter.swift */; };
		5CD013C3016D0FDF88221293 /* CalibrationValidationModel.swift in Sources */ = {isa = PBXBuildFile; fileRef = 645DD6A2F31649729BA8F151 /* CalibrationValidationModel.swift */; };
		5F9DA1354E9A2A2AA0F8E4B7 /* SwiftTasksVision in Frameworks */ = {isa = PBXBuildFile; productRef = 8D3139C257EE27941E7D222B /* SwiftTasksVision */; };
		64DE70963403C87ED73BAF61 /* PredictiveTaskOverlay.swift in Sources */ = {isa = PBXBuildFile; fileRef = CBEF11223728215097CF29BF /* PredictiveTaskOverlay.swift */; };
		65C9AC846BCFC8AE0279B852 /* CalibrationValidationOverlay.swift in Sources */ = {isa = PBXBuildFile; fileRef = FD029FB9188D3DC848D13057 /* CalibrationValidationOverlay.swift */; };
		66FBC06FE3676BF42B3FFB0F /* word_please.png in Resources */ = {isa = PBXBuildFile; fileRef = 493548D3204920280A3E5425 /* word_please.png */; };
		6848F8F9D2CFCA7817A46D5A /* EyeNormalizer.swift in Sources */ = {isa = PBXBuildFile; fileRef = 505624E3304DE5D810372FCA /* EyeNormalizer.swift */; };
		697542FB0C65B987A3F9B276 /* word_drink.png in Resources */ = {isa = PBXBuildFile; fileRef = 2EBA77338D010B2DCC9DCC6F /* word_drink.png */; };
		760D3C0D6CF4CED650AD84B9 /* EyeAspectRatio.swift in Sources */ = {isa = PBXBuildFile; fileRef = D0E660B3E8A0142E32442589 /* EyeAspectRatio.swift */; };
		76AC54CE2DBA26AAFEB3D76E /* CalibrationOverlay.swift in Sources */ = {isa = PBXBuildFile; fileRef = C5873DF771068A2B54B64377 /* CalibrationOverlay.swift */; };
		76DBA3CF70A97303EC350FD6 /* word_help.png in Resources */ = {isa = PBXBuildFile; fileRef = 928FAD9A5FAB00CD79C20C50 /* word_help.png */; };
		7905DA3BBB39CF01BB251A9C /* FixationStabilityOverlay.swift in Sources */ = {isa = PBXBuildFile; fileRef = 09AFEAD2047862ABBBCB37C0 /* FixationStabilityOverlay.swift */; };
		7C9549AFEC4C96EDACFBA413 /* GridExperimentModel.swift in Sources */ = {isa = PBXBuildFile; fileRef = 3E1E272AE0EFA7494D51D414 /* GridExperimentModel.swift */; };
		88362FC0673CFC8BABC9D797 /* FrameInstrumentation.swift in Sources */ = {isa = PBXBuildFile; fileRef = 91B135D60995167D7DD63D3A /* FrameInstrumentation.swift */; };
		8C798B7670AB98708851BE19 /* GazePipeline.swift in Sources */ = {isa = PBXBuildFile; fileRef = 3D63770B3A293C3FE45A33EF /* GazePipeline.swift */; };
		8E8DF10115A0EFAC8F6F464B /* ResponsePredictor.swift in Sources */ = {isa = PBXBuildFile; fileRef = 4E901B50D6598559264C05B4 /* ResponsePredictor.swift */; };
		8FBED4002BCB1874072A0A83 /* CanonicalFaceModel.swift in Sources */ = {isa = PBXBuildFile; fileRef = 73B1874BE0D21D2A9CF64DD0 /* CanonicalFaceModel.swift */; };
		909DFC3E563279C119025962 /* DirectoryZip.swift in Sources */ = {isa = PBXBuildFile; fileRef = BEA5877C12BEE3DAA471DEBB /* DirectoryZip.swift */; };
		955C4393746B9C9FFB482291 /* CalibrationModel.swift in Sources */ = {isa = PBXBuildFile; fileRef = 364A21FA7890178E3EFF6FC7 /* CalibrationModel.swift */; };
		9A97AA9DCBF665858FEA9639 /* AccuracyTestModel.swift in Sources */ = {isa = PBXBuildFile; fileRef = 00B0A992DA7E5168E468BD48 /* AccuracyTestModel.swift */; };
		9E314D9510B513ADDEA74876 /* ExperimentSession.swift in Sources */ = {isa = PBXBuildFile; fileRef = 8107B1A8FE66CD704A799689 /* ExperimentSession.swift */; };
		A2A531C6257B810EC4581C4F /* ModelUpdater.swift in Sources */ = {isa = PBXBuildFile; fileRef = D53C89B50702D93998EBAACA /* ModelUpdater.swift */; };
		A2CDE97B6D69A3C41302C225 /* word_to.png in Resources */ = {isa = PBXBuildFile; fileRef = F71C4340449C5DA3358CFAA6 /* word_to.png */; };
		A9AF6D30019AD319D03B620C /* CommunicationTaskResultsView.swift in Sources */ = {isa = PBXBuildFile; fileRef = E8988C78E3C62C74978BC716 /* CommunicationTaskResultsView.swift */; };
		B17D49D95D6D80E60FBBE0A8 /* CommunicationTaskModel.swift in Sources */ = {isa = PBXBuildFile; fileRef = E22C71CBFC3BF9792B606A1A /* CommunicationTaskModel.swift */; };
		B6032956D4A5A45485CD6B48 /* word_want.png in Resources */ = {isa = PBXBuildFile; fileRef = 7C05D0F63752EF4DB57AB67E /* word_want.png */; };
		C01E37A0DF4355093B1D3E59 /* ExperimentRunLog.swift in Sources */ = {isa = PBXBuildFile; fileRef = D83CC10C266C3916A32B9ABC /* ExperimentRunLog.swift */; };
		C2FF7774703E39C5C6548826 /* HeadPose.swift in Sources */ = {isa = PBXBuildFile; fileRef = A18927647576F9918BCB5F7A /* HeadPose.swift */; };
		CED94D86BFD89695D9A7EFD2 /* GridExperimentResultsView.swift in Sources */ = {isa = PBXBuildFile; fileRef = D76CE4A02F2703BD1FB38B04 /* GridExperimentResultsView.swift */; };
		D073DAD9820CF5E0064D2002 /* ModelFetchSheet.swift in Sources */ = {isa = PBXBuildFile; fileRef = 02060C1A66FA14AF17A98957 /* ModelFetchSheet.swift */; };
		D4AAE2C13B891B4EE8C9D311 /* FixationStabilityModel.swift in Sources */ = {isa = PBXBuildFile; fileRef = B5E4569049F3FD53727F242E /* FixationStabilityModel.swift */; };
		D4DD08F85B7F042DEA73A26F /* GridExperimentOverlay.swift in Sources */ = {isa = PBXBuildFile; fileRef = B37CE91A66BEE49C80E5B1A7 /* GridExperimentOverlay.swift */; };
		D7302BB3500080406A30C75B /* FixationStabilityResultsView.swift in Sources */ = {isa = PBXBuildFile; fileRef = 2798B0B5EA624E9DCCA08739 /* FixationStabilityResultsView.swift */; };
		D7F3029EA737ACFD3CCC2256 /* word_sleep.png in Resources */ = {isa = PBXBuildFile; fileRef = 284B5FBC6843BFB116D74CC0 /* word_sleep.png */; };
		D87D313384E49C0139713061 /* CommunicationTaskOverlay.swift in Sources */ = {isa = PBXBuildFile; fileRef = 9E791EC9C454537433EF649E /* CommunicationTaskOverlay.swift */; };
		DCA6C74E909E5F5DC956CC5B /* word_stop.png in Resources */ = {isa = PBXBuildFile; fileRef = F93DE3AE33550CD4A6F4401B /* word_stop.png */; };
		DCDE8844FACAB3A3B9D55B9B /* FaceLandmarkerService.swift in Sources */ = {isa = PBXBuildFile; fileRef = C612AE2C25FC2467A8E3B657 /* FaceLandmarkerService.swift */; };
		E17A66F3494E5BB41139F1D6 /* face_landmarker.task in Resources */ = {isa = PBXBuildFile; fileRef = EA552E7FAF3D7111A5B581B6 /* face_landmarker.task */; };
		E5F5D27CF0F03860937CC593 /* WordAudioPlayer.swift in Sources */ = {isa = PBXBuildFile; fileRef = 4320F49F1370643C3F4CAC94 /* WordAudioPlayer.swift */; };
		EDB2873B2CEA85BB841230F6 /* FineTuneDataCollector.swift in Sources */ = {isa = PBXBuildFile; fileRef = 4547AE62E847F69CFC11B9B4 /* FineTuneDataCollector.swift */; };
		EE7872E76B2A7CB48B2659BC /* SolvePnP.swift in Sources */ = {isa = PBXBuildFile; fileRef = 1FFA4B4F98DC66DE71F805CD /* SolvePnP.swift */; };
		F06767A9F6BBB3AC191A9684 /* CalibrationValidationResultsView.swift in Sources */ = {isa = PBXBuildFile; fileRef = 3CA57E2070EE82B1AA39C5F4 /* CalibrationValidationResultsView.swift */; };
		F6096877FD554AB1C84D7A05 /* ScreenMapper.swift in Sources */ = {isa = PBXBuildFile; fileRef = CF6B4F7A24311926D439609C /* ScreenMapper.swift */; };
/* End PBXBuildFile section */

/* Begin PBXFileReference section */
		00B0A992DA7E5168E468BD48 /* AccuracyTestModel.swift */ = {isa = PBXFileReference; lastKnownFileType = sourcecode.swift; path = AccuracyTestModel.swift; sourceTree = "<group>"; };
		02060C1A66FA14AF17A98957 /* ModelFetchSheet.swift */ = {isa = PBXFileReference; lastKnownFileType = sourcecode.swift; path = ModelFetchSheet.swift; sourceTree = "<group>"; };
		030C546D6AE8BBD4C9498CC6 /* GazeTrackerApp.swift */ = {isa = PBXFileReference; lastKnownFileType = sourcecode.swift; path = GazeTrackerApp.swift; sourceTree = "<group>"; };
		03E639E8EF24538B452E1321 /* GazeKalman.swift */ = {isa = PBXFileReference; lastKnownFileType = sourcecode.swift; path = GazeKalman.swift; sourceTree = "<group>"; };
		09AFEAD2047862ABBBCB37C0 /* FixationStabilityOverlay.swift */ = {isa = PBXFileReference; lastKnownFileType = sourcecode.swift; path = FixationStabilityOverlay.swift; sourceTree = "<group>"; };
		1FFA4B4F98DC66DE71F805CD /* SolvePnP.swift */ = {isa = PBXFileReference; lastKnownFileType = sourcecode.swift; path = SolvePnP.swift; sourceTree = "<group>"; };
		2798B0B5EA624E9DCCA08739 /* FixationStabilityResultsView.swift */ = {isa = PBXFileReference; lastKnownFileType = sourcecode.swift; path = FixationStabilityResultsView.swift; sourceTree = "<group>"; };
		284B5FBC6843BFB116D74CC0 /* word_sleep.png */ = {isa = PBXFileReference; lastKnownFileType = image.png; path = word_sleep.png; sourceTree = "<group>"; };
		2EBA77338D010B2DCC9DCC6F /* word_drink.png */ = {isa = PBXFileReference; lastKnownFileType = image.png; path = word_drink.png; sourceTree = "<group>"; };
		364A21FA7890178E3EFF6FC7 /* CalibrationModel.swift */ = {isa = PBXFileReference; lastKnownFileType = sourcecode.swift; path = CalibrationModel.swift; sourceTree = "<group>"; };
		3CA57E2070EE82B1AA39C5F4 /* CalibrationValidationResultsView.swift */ = {isa = PBXFileReference; lastKnownFileType = sourcecode.swift; path = CalibrationValidationResultsView.swift; sourceTree = "<group>"; };
		3D63770B3A293C3FE45A33EF /* GazePipeline.swift */ = {isa = PBXFileReference; lastKnownFileType = sourcecode.swift; path = GazePipeline.swift; sourceTree = "<group>"; };
		3E1E272AE0EFA7494D51D414 /* GridExperimentModel.swift */ = {isa = PBXFileReference; lastKnownFileType = sourcecode.swift; path = GridExperimentModel.swift; sourceTree = "<group>"; };
		4320F49F1370643C3F4CAC94 /* WordAudioPlayer.swift */ = {isa = PBXFileReference; lastKnownFileType = sourcecode.swift; path = WordAudioPlayer.swift; sourceTree = "<group>"; };
		4547AE62E847F69CFC11B9B4 /* FineTuneDataCollector.swift */ = {isa = PBXFileReference; lastKnownFileType = sourcecode.swift; path = FineTuneDataCollector.swift; sourceTree = "<group>"; };
		493548D3204920280A3E5425 /* word_please.png */ = {isa = PBXFileReference; lastKnownFileType = image.png; path = word_please.png; sourceTree = "<group>"; };
		4E86DB958BAADE7896E315E7 /* HeadPoseEstimator.swift */ = {isa = PBXFileReference; lastKnownFileType = sourcecode.swift; path = HeadPoseEstimator.swift; sourceTree = "<group>"; };
		4E901B50D6598559264C05B4 /* ResponsePredictor.swift */ = {isa = PBXFileReference; lastKnownFileType = sourcecode.swift; path = ResponsePredictor.swift; sourceTree = "<group>"; };
		505624E3304DE5D810372FCA /* EyeNormalizer.swift */ = {isa = PBXFileReference; lastKnownFileType = sourcecode.swift; path = EyeNormalizer.swift; sourceTree = "<group>"; };
		52865C7C7957395644C89FAA /* CameraPreview.swift */ = {isa = PBXFileReference; lastKnownFileType = sourcecode.swift; path = CameraPreview.swift; sourceTree = "<group>"; };
		54F9E1A4557B6A85056B0EAB /* GazeTrackerPhase1.app */ = {isa = PBXFileReference; includeInIndex = 0; lastKnownFileType = wrapper.application; path = GazeTrackerPhase1.app; sourceTree = BUILT_PRODUCTS_DIR; };
		583BCAAFD4957B7481E557A7 /* CameraManager.swift */ = {isa = PBXFileReference; lastKnownFileType = sourcecode.swift; path = CameraManager.swift; sourceTree = "<group>"; };
		5ADBC7E85386A56AB8AB9DF3 /* FaceNormalizer.swift */ = {isa = PBXFileReference; lastKnownFileType = sourcecode.swift; path = FaceNormalizer.swift; sourceTree = "<group>"; };
		5B6DA760CDFED09548347BC8 /* GazeNet.mlpackage */ = {isa = PBXFileReference; path = GazeNet.mlpackage; sourceTree = "<group>"; };
		645DD6A2F31649729BA8F151 /* CalibrationValidationModel.swift */ = {isa = PBXFileReference; lastKnownFileType = sourcecode.swift; path = CalibrationValidationModel.swift; sourceTree = "<group>"; };
		65D928153BE9BD91812D2B91 /* GazeViewModel.swift */ = {isa = PBXFileReference; lastKnownFileType = sourcecode.swift; path = GazeViewModel.swift; sourceTree = "<group>"; };
		6D5A2753BC76C5946CE2A3D8 /* AccuracyTestOverlay.swift */ = {isa = PBXFileReference; lastKnownFileType = sourcecode.swift; path = AccuracyTestOverlay.swift; sourceTree = "<group>"; };
		73B1874BE0D21D2A9CF64DD0 /* CanonicalFaceModel.swift */ = {isa = PBXFileReference; lastKnownFileType = sourcecode.swift; path = CanonicalFaceModel.swift; sourceTree = "<group>"; };
		74ABE3282621F7CE88F05C25 /* PupilMeasure.swift */ = {isa = PBXFileReference; lastKnownFileType = sourcecode.swift; path = PupilMeasure.swift; sourceTree = "<group>"; };
		78F781E3E77972A8BD9FFA69 /* GazeEstimator.swift */ = {isa = PBXFileReference; lastKnownFileType = sourcecode.swift; path = GazeEstimator.swift; sourceTree = "<group>"; };
		7C05D0F63752EF4DB57AB67E /* word_want.png */ = {isa = PBXFileReference; lastKnownFileType = image.png; path = word_want.png; sourceTree = "<group>"; };
		7C43570287F3CEFE9CE42A17 /* CameraIntrinsics.swift */ = {isa = PBXFileReference; lastKnownFileType = sourcecode.swift; path = CameraIntrinsics.swift; sourceTree = "<group>"; };
		8107B1A8FE66CD704A799689 /* ExperimentSession.swift */ = {isa = PBXFileReference; lastKnownFileType = sourcecode.swift; path = ExperimentSession.swift; sourceTree = "<group>"; };
		91B135D60995167D7DD63D3A /* FrameInstrumentation.swift */ = {isa = PBXFileReference; lastKnownFileType = sourcecode.swift; path = FrameInstrumentation.swift; sourceTree = "<group>"; };
		928FAD9A5FAB00CD79C20C50 /* word_help.png */ = {isa = PBXFileReference; lastKnownFileType = image.png; path = word_help.png; sourceTree = "<group>"; };
		96C712531FBD1752E6414E26 /* PredictiveTaskModel.swift */ = {isa = PBXFileReference; lastKnownFileType = sourcecode.swift; path = PredictiveTaskModel.swift; sourceTree = "<group>"; };
		99B8D60DB309857E023FF8D7 /* OneEuroFilter.swift */ = {isa = PBXFileReference; lastKnownFileType = sourcecode.swift; path = OneEuroFilter.swift; sourceTree = "<group>"; };
		9E791EC9C454537433EF649E /* CommunicationTaskOverlay.swift */ = {isa = PBXFileReference; lastKnownFileType = sourcecode.swift; path = CommunicationTaskOverlay.swift; sourceTree = "<group>"; };
		A18927647576F9918BCB5F7A /* HeadPose.swift */ = {isa = PBXFileReference; lastKnownFileType = sourcecode.swift; path = HeadPose.swift; sourceTree = "<group>"; };
		AF7224564BD85E7637B82845 /* word_more.png */ = {isa = PBXFileReference; lastKnownFileType = image.png; path = word_more.png; sourceTree = "<group>"; };
		B37CE91A66BEE49C80E5B1A7 /* GridExperimentOverlay.swift */ = {isa = PBXFileReference; lastKnownFileType = sourcecode.swift; path = GridExperimentOverlay.swift; sourceTree = "<group>"; };
		B5E4569049F3FD53727F242E /* FixationStabilityModel.swift */ = {isa = PBXFileReference; lastKnownFileType = sourcecode.swift; path = FixationStabilityModel.swift; sourceTree = "<group>"; };
		BEA5877C12BEE3DAA471DEBB /* DirectoryZip.swift */ = {isa = PBXFileReference; lastKnownFileType = sourcecode.swift; path = DirectoryZip.swift; sourceTree = "<group>"; };
		C5873DF771068A2B54B64377 /* CalibrationOverlay.swift */ = {isa = PBXFileReference; lastKnownFileType = sourcecode.swift; path = CalibrationOverlay.swift; sourceTree = "<group>"; };
		C612AE2C25FC2467A8E3B657 /* FaceLandmarkerService.swift */ = {isa = PBXFileReference; lastKnownFileType = sourcecode.swift; path = FaceLandmarkerService.swift; sourceTree = "<group>"; };
		C8E35EAB03B11D95B1DEC647 /* VisualAngle.swift */ = {isa = PBXFileReference; lastKnownFileType = sourcecode.swift; path = VisualAngle.swift; sourceTree = "<group>"; };
		C9F1B9EBC156918B9AF1ECED /* word_i.png */ = {isa = PBXFileReference; lastKnownFileType = image.png; path = word_i.png; sourceTree = "<group>"; };
		CBEF11223728215097CF29BF /* PredictiveTaskOverlay.swift */ = {isa = PBXFileReference; lastKnownFileType = sourcecode.swift; path = PredictiveTaskOverlay.swift; sourceTree = "<group>"; };
		CC7C82ABC9E710066E6F7798 /* PipelineTuning.swift */ = {isa = PBXFileReference; lastKnownFileType = sourcecode.swift; path = PipelineTuning.swift; sourceTree = "<group>"; };
		CF6B4F7A24311926D439609C /* ScreenMapper.swift */ = {isa = PBXFileReference; lastKnownFileType = sourcecode.swift; path = ScreenMapper.swift; sourceTree = "<group>"; };
		CFF5A12D9A8B0783FF155E13 /* word_water.png */ = {isa = PBXFileReference; lastKnownFileType = image.png; path = word_water.png; sourceTree = "<group>"; };
		D0E660B3E8A0142E32442589 /* EyeAspectRatio.swift */ = {isa = PBXFileReference; lastKnownFileType = sourcecode.swift; path = EyeAspectRatio.swift; sourceTree = "<group>"; };
		D2CD8DB62D626F78F4C34A19 /* AccuracyResultsView.swift */ = {isa = PBXFileReference; lastKnownFileType = sourcecode.swift; path = AccuracyResultsView.swift; sourceTree = "<group>"; };
		D53C89B50702D93998EBAACA /* ModelUpdater.swift */ = {isa = PBXFileReference; lastKnownFileType = sourcecode.swift; path = ModelUpdater.swift; sourceTree = "<group>"; };
		D76CE4A02F2703BD1FB38B04 /* GridExperimentResultsView.swift */ = {isa = PBXFileReference; lastKnownFileType = sourcecode.swift; path = GridExperimentResultsView.swift; sourceTree = "<group>"; };
		D83CC10C266C3916A32B9ABC /* ExperimentRunLog.swift */ = {isa = PBXFileReference; lastKnownFileType = sourcecode.swift; path = ExperimentRunLog.swift; sourceTree = "<group>"; };
		E22C71CBFC3BF9792B606A1A /* CommunicationTaskModel.swift */ = {isa = PBXFileReference; lastKnownFileType = sourcecode.swift; path = CommunicationTaskModel.swift; sourceTree = "<group>"; };
		E8988C78E3C62C74978BC716 /* CommunicationTaskResultsView.swift */ = {isa = PBXFileReference; lastKnownFileType = sourcecode.swift; path = CommunicationTaskResultsView.swift; sourceTree = "<group>"; };
		EA552E7FAF3D7111A5B581B6 /* face_landmarker.task */ = {isa = PBXFileReference; path = face_landmarker.task; sourceTree = "<group>"; };
		EB2E45585F491CFD00B7D207 /* word_home.png */ = {isa = PBXFileReference; lastKnownFileType = image.png; path = word_home.png; sourceTree = "<group>"; };
		F06E2B88781039C0259D29D0 /* ContentView.swift */ = {isa = PBXFileReference; lastKnownFileType = sourcecode.swift; path = ContentView.swift; sourceTree = "<group>"; };
		F71C4340449C5DA3358CFAA6 /* word_to.png */ = {isa = PBXFileReference; lastKnownFileType = image.png; path = word_to.png; sourceTree = "<group>"; };
		F93DE3AE33550CD4A6F4401B /* word_stop.png */ = {isa = PBXFileReference; lastKnownFileType = image.png; path = word_stop.png; sourceTree = "<group>"; };
		FD029FB9188D3DC848D13057 /* CalibrationValidationOverlay.swift */ = {isa = PBXFileReference; lastKnownFileType = sourcecode.swift; path = CalibrationValidationOverlay.swift; sourceTree = "<group>"; };
		FD5EDE8C0EC4B2697AC71C6A /* word_eat.png */ = {isa = PBXFileReference; lastKnownFileType = image.png; path = word_eat.png; sourceTree = "<group>"; };
/* End PBXFileReference section */

/* Begin PBXFrameworksBuildPhase section */
		C602C63059260A8A06A36CA9 /* Frameworks */ = {
			isa = PBXFrameworksBuildPhase;
			buildActionMask = 2147483647;
			files = (
				5F9DA1354E9A2A2AA0F8E4B7 /* SwiftTasksVision in Frameworks */,
			);
			runOnlyForDeploymentPostprocessing = 0;
		};
/* End PBXFrameworksBuildPhase section */

/* Begin PBXGroup section */
		272B437AE817BD4A794F0391 /* Resources */ = {
			isa = PBXGroup;
			children = (
				49D2B1E67AEF7AC758A8ED0C /* Experiment3Images */,
			);
			path = Resources;
			sourceTree = "<group>";
		};
		49D2B1E67AEF7AC758A8ED0C /* Experiment3Images */ = {
			isa = PBXGroup;
			children = (
				2EBA77338D010B2DCC9DCC6F /* word_drink.png */,
				FD5EDE8C0EC4B2697AC71C6A /* word_eat.png */,
				928FAD9A5FAB00CD79C20C50 /* word_help.png */,
				EB2E45585F491CFD00B7D207 /* word_home.png */,
				C9F1B9EBC156918B9AF1ECED /* word_i.png */,
				AF7224564BD85E7637B82845 /* word_more.png */,
				493548D3204920280A3E5425 /* word_please.png */,
				284B5FBC6843BFB116D74CC0 /* word_sleep.png */,
				F93DE3AE33550CD4A6F4401B /* word_stop.png */,
				F71C4340449C5DA3358CFAA6 /* word_to.png */,
				7C05D0F63752EF4DB57AB67E /* word_want.png */,
				CFF5A12D9A8B0783FF155E13 /* word_water.png */,
			);
			path = Experiment3Images;
			sourceTree = "<group>";
		};
		7042B92C0BD5136D0799BEC2 = {
			isa = PBXGroup;
			children = (
				7FAE1C354EDE0FC1B7128B10 /* Models */,
				272B437AE817BD4A794F0391 /* Resources */,
				FF724888FEB108CC8CE8B72D /* Sources */,
				D727051D243D3AD05065FBBC /* Products */,
			);
			sourceTree = "<group>";
		};
		7FAE1C354EDE0FC1B7128B10 /* Models */ = {
			isa = PBXGroup;
			children = (
				EA552E7FAF3D7111A5B581B6 /* face_landmarker.task */,
				5B6DA760CDFED09548347BC8 /* GazeNet.mlpackage */,
			);
			path = Models;
			sourceTree = "<group>";
		};
		D727051D243D3AD05065FBBC /* Products */ = {
			isa = PBXGroup;
			children = (
				54F9E1A4557B6A85056B0EAB /* GazeTrackerPhase1.app */,
			);
			name = Products;
			sourceTree = "<group>";
		};
		FF724888FEB108CC8CE8B72D /* Sources */ = {
			isa = PBXGroup;
			children = (
				D2CD8DB62D626F78F4C34A19 /* AccuracyResultsView.swift */,
				00B0A992DA7E5168E468BD48 /* AccuracyTestModel.swift */,
				6D5A2753BC76C5946CE2A3D8 /* AccuracyTestOverlay.swift */,
				364A21FA7890178E3EFF6FC7 /* CalibrationModel.swift */,
				C5873DF771068A2B54B64377 /* CalibrationOverlay.swift */,
				645DD6A2F31649729BA8F151 /* CalibrationValidationModel.swift */,
				FD029FB9188D3DC848D13057 /* CalibrationValidationOverlay.swift */,
				3CA57E2070EE82B1AA39C5F4 /* CalibrationValidationResultsView.swift */,
				7C43570287F3CEFE9CE42A17 /* CameraIntrinsics.swift */,
				583BCAAFD4957B7481E557A7 /* CameraManager.swift */,
				52865C7C7957395644C89FAA /* CameraPreview.swift */,
				73B1874BE0D21D2A9CF64DD0 /* CanonicalFaceModel.swift */,
				E22C71CBFC3BF9792B606A1A /* CommunicationTaskModel.swift */,
				9E791EC9C454537433EF649E /* CommunicationTaskOverlay.swift */,
				E8988C78E3C62C74978BC716 /* CommunicationTaskResultsView.swift */,
				F06E2B88781039C0259D29D0 /* ContentView.swift */,
				BEA5877C12BEE3DAA471DEBB /* DirectoryZip.swift */,
				D83CC10C266C3916A32B9ABC /* ExperimentRunLog.swift */,
				8107B1A8FE66CD704A799689 /* ExperimentSession.swift */,
				D0E660B3E8A0142E32442589 /* EyeAspectRatio.swift */,
				505624E3304DE5D810372FCA /* EyeNormalizer.swift */,
				C612AE2C25FC2467A8E3B657 /* FaceLandmarkerService.swift */,
				5ADBC7E85386A56AB8AB9DF3 /* FaceNormalizer.swift */,
				4547AE62E847F69CFC11B9B4 /* FineTuneDataCollector.swift */,
				B5E4569049F3FD53727F242E /* FixationStabilityModel.swift */,
				09AFEAD2047862ABBBCB37C0 /* FixationStabilityOverlay.swift */,
				2798B0B5EA624E9DCCA08739 /* FixationStabilityResultsView.swift */,
				91B135D60995167D7DD63D3A /* FrameInstrumentation.swift */,
				78F781E3E77972A8BD9FFA69 /* GazeEstimator.swift */,
				03E639E8EF24538B452E1321 /* GazeKalman.swift */,
				3D63770B3A293C3FE45A33EF /* GazePipeline.swift */,
				030C546D6AE8BBD4C9498CC6 /* GazeTrackerApp.swift */,
				65D928153BE9BD91812D2B91 /* GazeViewModel.swift */,
				3E1E272AE0EFA7494D51D414 /* GridExperimentModel.swift */,
				B37CE91A66BEE49C80E5B1A7 /* GridExperimentOverlay.swift */,
				D76CE4A02F2703BD1FB38B04 /* GridExperimentResultsView.swift */,
				A18927647576F9918BCB5F7A /* HeadPose.swift */,
				4E86DB958BAADE7896E315E7 /* HeadPoseEstimator.swift */,
				02060C1A66FA14AF17A98957 /* ModelFetchSheet.swift */,
				D53C89B50702D93998EBAACA /* ModelUpdater.swift */,
				99B8D60DB309857E023FF8D7 /* OneEuroFilter.swift */,
				CC7C82ABC9E710066E6F7798 /* PipelineTuning.swift */,
				96C712531FBD1752E6414E26 /* PredictiveTaskModel.swift */,
				CBEF11223728215097CF29BF /* PredictiveTaskOverlay.swift */,
				74ABE3282621F7CE88F05C25 /* PupilMeasure.swift */,
				4E901B50D6598559264C05B4 /* ResponsePredictor.swift */,
				CF6B4F7A24311926D439609C /* ScreenMapper.swift */,
				1FFA4B4F98DC66DE71F805CD /* SolvePnP.swift */,
				C8E35EAB03B11D95B1DEC647 /* VisualAngle.swift */,
				4320F49F1370643C3F4CAC94 /* WordAudioPlayer.swift */,
			);
			path = Sources;
			sourceTree = "<group>";
		};
/* End PBXGroup section */

/* Begin PBXNativeTarget section */
		38AAC1A5965B43AF5FCA39D4 /* GazeTrackerPhase1 */ = {
			isa = PBXNativeTarget;
			buildConfigurationList = 8306CF4E7DE493C1FD460FE5 /* Build configuration list for PBXNativeTarget "GazeTrackerPhase1" */;
			buildPhases = (
				B2373C2B19FFE22D790CFF93 /* Sources */,
				6FB4ACF72F75B1CDBD9B82DE /* Resources */,
				C602C63059260A8A06A36CA9 /* Frameworks */,
			);
			buildRules = (
			);
			dependencies = (
			);
			name = GazeTrackerPhase1;
			packageProductDependencies = (
				8D3139C257EE27941E7D222B /* SwiftTasksVision */,
			);
			productName = GazeTrackerPhase1;
			productReference = 54F9E1A4557B6A85056B0EAB /* GazeTrackerPhase1.app */;
			productType = "com.apple.product-type.application";
		};
/* End PBXNativeTarget section */

/* Begin PBXProject section */
		76F4B9A47B83B2E81BCEBBD1 /* Project object */ = {
			isa = PBXProject;
			attributes = {
				BuildIndependentTargetsInParallel = YES;
				LastUpgradeCheck = 1430;
				TargetAttributes = {
					38AAC1A5965B43AF5FCA39D4 = {
						DevelopmentTeam = Y8BLS28M4K;
						ProvisioningStyle = Automatic;
					};
				};
			};
			buildConfigurationList = B276039D649E3A3AF568A563 /* Build configuration list for PBXProject "GazeTrackerPhase1" */;
			developmentRegion = en;
			hasScannedForEncodings = 0;
			knownRegions = (
				Base,
				en,
			);
			mainGroup = 7042B92C0BD5136D0799BEC2;
			minimizedProjectReferenceProxies = 1;
			packageReferences = (
				9B37C30631D2DF159562E67E /* XCRemoteSwiftPackageReference "SwiftTasksVision" */,
			);
			preferredProjectObjectVersion = 77;
			productRefGroup = D727051D243D3AD05065FBBC /* Products */;
			projectDirPath = "";
			projectRoot = "";
			targets = (
				38AAC1A5965B43AF5FCA39D4 /* GazeTrackerPhase1 */,
			);
		};
/* End PBXProject section */

/* Begin PBXResourcesBuildPhase section */
		6FB4ACF72F75B1CDBD9B82DE /* Resources */ = {
			isa = PBXResourcesBuildPhase;
			buildActionMask = 2147483647;
			files = (
				E17A66F3494E5BB41139F1D6 /* face_landmarker.task in Resources */,
				697542FB0C65B987A3F9B276 /* word_drink.png in Resources */,
				3D79BFC3A82CD29B4433DAB3 /* word_eat.png in Resources */,
				76DBA3CF70A97303EC350FD6 /* word_help.png in Resources */,
				116A33DD07A7D1ADA6541063 /* word_home.png in Resources */,
				29298E419A934A9195061315 /* word_i.png in Resources */,
				43FC5AC43448B56F2EDE0047 /* word_more.png in Resources */,
				66FBC06FE3676BF42B3FFB0F /* word_please.png in Resources */,
				D7F3029EA737ACFD3CCC2256 /* word_sleep.png in Resources */,
				DCA6C74E909E5F5DC956CC5B /* word_stop.png in Resources */,
				A2CDE97B6D69A3C41302C225 /* word_to.png in Resources */,
				B6032956D4A5A45485CD6B48 /* word_want.png in Resources */,
				0050434F96C495256515E6EB /* word_water.png in Resources */,
			);
			runOnlyForDeploymentPostprocessing = 0;
		};
/* End PBXResourcesBuildPhase section */

/* Begin PBXSourcesBuildPhase section */
		B2373C2B19FFE22D790CFF93 /* Sources */ = {
			isa = PBXSourcesBuildPhase;
			buildActionMask = 2147483647;
			files = (
				4131CDE4C728CDCC22ED6C1F /* AccuracyResultsView.swift in Sources */,
				9A97AA9DCBF665858FEA9639 /* AccuracyTestModel.swift in Sources */,
				261F734AEAA7779734A5468A /* AccuracyTestOverlay.swift in Sources */,
				955C4393746B9C9FFB482291 /* CalibrationModel.swift in Sources */,
				76AC54CE2DBA26AAFEB3D76E /* CalibrationOverlay.swift in Sources */,
				5CD013C3016D0FDF88221293 /* CalibrationValidationModel.swift in Sources */,
				65C9AC846BCFC8AE0279B852 /* CalibrationValidationOverlay.swift in Sources */,
				F06767A9F6BBB3AC191A9684 /* CalibrationValidationResultsView.swift in Sources */,
				0BDCA70A3C2E5F3E01E2A6B0 /* CameraIntrinsics.swift in Sources */,
				50954C1A25EA818098FEF35A /* CameraManager.swift in Sources */,
				2F3C7F68179BF39A7835E39C /* CameraPreview.swift in Sources */,
				8FBED4002BCB1874072A0A83 /* CanonicalFaceModel.swift in Sources */,
				B17D49D95D6D80E60FBBE0A8 /* CommunicationTaskModel.swift in Sources */,
				D87D313384E49C0139713061 /* CommunicationTaskOverlay.swift in Sources */,
				A9AF6D30019AD319D03B620C /* CommunicationTaskResultsView.swift in Sources */,
				39DAFD3A99F860A67FB9CB4E /* ContentView.swift in Sources */,
				909DFC3E563279C119025962 /* DirectoryZip.swift in Sources */,
				C01E37A0DF4355093B1D3E59 /* ExperimentRunLog.swift in Sources */,
				9E314D9510B513ADDEA74876 /* ExperimentSession.swift in Sources */,
				760D3C0D6CF4CED650AD84B9 /* EyeAspectRatio.swift in Sources */,
				6848F8F9D2CFCA7817A46D5A /* EyeNormalizer.swift in Sources */,
				DCDE8844FACAB3A3B9D55B9B /* FaceLandmarkerService.swift in Sources */,
				05100573B8EB9BCAF03820C4 /* FaceNormalizer.swift in Sources */,
				EDB2873B2CEA85BB841230F6 /* FineTuneDataCollector.swift in Sources */,
				D4AAE2C13B891B4EE8C9D311 /* FixationStabilityModel.swift in Sources */,
				7905DA3BBB39CF01BB251A9C /* FixationStabilityOverlay.swift in Sources */,
				D7302BB3500080406A30C75B /* FixationStabilityResultsView.swift in Sources */,
				88362FC0673CFC8BABC9D797 /* FrameInstrumentation.swift in Sources */,
				06C808A42EE4DF806FCB8168 /* GazeEstimator.swift in Sources */,
				01327E020C87251359052A69 /* GazeKalman.swift in Sources */,
				3228C62B5AA79084938A29BC /* GazeNet.mlpackage in Sources */,
				8C798B7670AB98708851BE19 /* GazePipeline.swift in Sources */,
				38A3F92CA6FBF9442F1D0DCA /* GazeTrackerApp.swift in Sources */,
				3675792A156EDC2BD4A8AF03 /* GazeViewModel.swift in Sources */,
				7C9549AFEC4C96EDACFBA413 /* GridExperimentModel.swift in Sources */,
				D4DD08F85B7F042DEA73A26F /* GridExperimentOverlay.swift in Sources */,
				CED94D86BFD89695D9A7EFD2 /* GridExperimentResultsView.swift in Sources */,
				C2FF7774703E39C5C6548826 /* HeadPose.swift in Sources */,
				4D14C1039BD632539BFD7AF5 /* HeadPoseEstimator.swift in Sources */,
				D073DAD9820CF5E0064D2002 /* ModelFetchSheet.swift in Sources */,
				A2A531C6257B810EC4581C4F /* ModelUpdater.swift in Sources */,
				5C250A398F89278368612C02 /* OneEuroFilter.swift in Sources */,
				0B0DB6F8423C4B041581198C /* PipelineTuning.swift in Sources */,
				15D4A7A37D8B64A10955D8E7 /* PredictiveTaskModel.swift in Sources */,
				64DE70963403C87ED73BAF61 /* PredictiveTaskOverlay.swift in Sources */,
				51B2B8322BDB38D53ED38AAF /* PupilMeasure.swift in Sources */,
				8E8DF10115A0EFAC8F6F464B /* ResponsePredictor.swift in Sources */,
				F6096877FD554AB1C84D7A05 /* ScreenMapper.swift in Sources */,
				EE7872E76B2A7CB48B2659BC /* SolvePnP.swift in Sources */,
				0C14DBC26B3DCA2D30EE3E76 /* VisualAngle.swift in Sources */,
				E5F5D27CF0F03860937CC593 /* WordAudioPlayer.swift in Sources */,
			);
			runOnlyForDeploymentPostprocessing = 0;
		};
/* End PBXSourcesBuildPhase section */

/* Begin XCBuildConfiguration section */
		578B9DBAB9310B16D8E720A0 /* Release */ = {
			isa = XCBuildConfiguration;
			buildSettings = {
				ASSETCATALOG_COMPILER_APPICON_NAME = AppIcon;
				CODE_SIGN_IDENTITY = "iPhone Developer";
				CODE_SIGN_STYLE = Automatic;
				DEVELOPMENT_TEAM = Y8BLS28M4K;
				ENABLE_PREVIEWS = YES;
				GENERATE_INFOPLIST_FILE = NO;
				INFOPLIST_FILE = GazeTrackerPhase1/Info.plist;
				IPHONEOS_DEPLOYMENT_TARGET = 15.0;
				LD_RUNPATH_SEARCH_PATHS = (
					"$(inherited)",
					"@executable_path/Frameworks",
				);
				PRODUCT_BUNDLE_IDENTIFIER = com.gazetracker.phase1;
				SDKROOT = iphoneos;
				SWIFT_EMIT_LOC_STRINGS = YES;
				SWIFT_VERSION = 5.0;
				TARGETED_DEVICE_FAMILY = "1,2";
			};
			name = Release;
		};
		9DFE5CB65402A079255C2E89 /* Release */ = {
			isa = XCBuildConfiguration;
			buildSettings = {
				ALWAYS_SEARCH_USER_PATHS = NO;
				CLANG_ANALYZER_NONNULL = YES;
				CLANG_ANALYZER_NUMBER_OBJECT_CONVERSION = YES_AGGRESSIVE;
				CLANG_CXX_LANGUAGE_STANDARD = "gnu++14";
				CLANG_CXX_LIBRARY = "libc++";
				CLANG_ENABLE_MODULES = YES;
				CLANG_ENABLE_OBJC_ARC = YES;
				CLANG_ENABLE_OBJC_WEAK = YES;
				CLANG_WARN_BLOCK_CAPTURE_AUTORELEASING = YES;
				CLANG_WARN_BOOL_CONVERSION = YES;
				CLANG_WARN_COMMA = YES;
				CLANG_WARN_CONSTANT_CONVERSION = YES;
				CLANG_WARN_DEPRECATED_OBJC_IMPLEMENTATIONS = YES;
				CLANG_WARN_DIRECT_OBJC_ISA_USAGE = YES_ERROR;
				CLANG_WARN_DOCUMENTATION_COMMENTS = YES;
				CLANG_WARN_EMPTY_BODY = YES;
				CLANG_WARN_ENUM_CONVERSION = YES;
				CLANG_WARN_INFINITE_RECURSION = YES;
				CLANG_WARN_INT_CONVERSION = YES;
				CLANG_WARN_NON_LITERAL_NULL_CONVERSION = YES;
				CLANG_WARN_OBJC_IMPLICIT_RETAIN_SELF = YES;
				CLANG_WARN_OBJC_LITERAL_CONVERSION = YES;
				CLANG_WARN_OBJC_ROOT_CLASS = YES_ERROR;
				CLANG_WARN_QUOTED_INCLUDE_IN_FRAMEWORK_HEADER = YES;
				CLANG_WARN_RANGE_LOOP_ANALYSIS = YES;
				CLANG_WARN_STRICT_PROTOTYPES = YES;
				CLANG_WARN_SUSPICIOUS_MOVE = YES;
				CLANG_WARN_UNGUARDED_AVAILABILITY = YES_AGGRESSIVE;
				CLANG_WARN_UNREACHABLE_CODE = YES;
				CLANG_WARN__DUPLICATE_METHOD_MATCH = YES;
				COPY_PHASE_STRIP = NO;
				DEBUG_INFORMATION_FORMAT = "dwarf-with-dsym";
				ENABLE_NS_ASSERTIONS = NO;
				ENABLE_STRICT_OBJC_MSGSEND = YES;
				GCC_C_LANGUAGE_STANDARD = gnu11;
				GCC_NO_COMMON_BLOCKS = YES;
				GCC_WARN_64_TO_32_BIT_CONVERSION = YES;
				GCC_WARN_ABOUT_RETURN_TYPE = YES_ERROR;
				GCC_WARN_UNDECLARED_SELECTOR = YES;
				GCC_WARN_UNINITIALIZED_AUTOS = YES_AGGRESSIVE;
				GCC_WARN_UNUSED_FUNCTION = YES;
				GCC_WARN_UNUSED_VARIABLE = YES;
				IPHONEOS_DEPLOYMENT_TARGET = 15.0;
				MTL_ENABLE_DEBUG_INFO = NO;
				MTL_FAST_MATH = YES;
				PRODUCT_NAME = "$(TARGET_NAME)";
				SDKROOT = iphoneos;
				SWIFT_COMPILATION_MODE = wholemodule;
				SWIFT_OPTIMIZATION_LEVEL = "-O";
				SWIFT_VERSION = 5.0;
			};
			name = Release;
		};
		DB4149B78EFB1BD1FAF6B6E8 /* Debug */ = {
			isa = XCBuildConfiguration;
			buildSettings = {
				ASSETCATALOG_COMPILER_APPICON_NAME = AppIcon;
				CODE_SIGN_IDENTITY = "iPhone Developer";
				CODE_SIGN_STYLE = Automatic;
				DEVELOPMENT_TEAM = Y8BLS28M4K;
				ENABLE_PREVIEWS = YES;
				GENERATE_INFOPLIST_FILE = NO;
				INFOPLIST_FILE = GazeTrackerPhase1/Info.plist;
				IPHONEOS_DEPLOYMENT_TARGET = 15.0;
				LD_RUNPATH_SEARCH_PATHS = (
					"$(inherited)",
					"@executable_path/Frameworks",
				);
				PRODUCT_BUNDLE_IDENTIFIER = com.gazetracker.phase1;
				SDKROOT = iphoneos;
				SWIFT_EMIT_LOC_STRINGS = YES;
				SWIFT_VERSION = 5.0;
				TARGETED_DEVICE_FAMILY = "1,2";
			};
			name = Debug;
		};
		F51297CF4BC4FB9913F7AE5E /* Debug */ = {
			isa = XCBuildConfiguration;
			buildSettings = {
				ALWAYS_SEARCH_USER_PATHS = NO;
				CLANG_ANALYZER_NONNULL = YES;
				CLANG_ANALYZER_NUMBER_OBJECT_CONVERSION = YES_AGGRESSIVE;
				CLANG_CXX_LANGUAGE_STANDARD = "gnu++14";
				CLANG_CXX_LIBRARY = "libc++";
				CLANG_ENABLE_MODULES = YES;
				CLANG_ENABLE_OBJC_ARC = YES;
				CLANG_ENABLE_OBJC_WEAK = YES;
				CLANG_WARN_BLOCK_CAPTURE_AUTORELEASING = YES;
				CLANG_WARN_BOOL_CONVERSION = YES;
				CLANG_WARN_COMMA = YES;
				CLANG_WARN_CONSTANT_CONVERSION = YES;
				CLANG_WARN_DEPRECATED_OBJC_IMPLEMENTATIONS = YES;
				CLANG_WARN_DIRECT_OBJC_ISA_USAGE = YES_ERROR;
				CLANG_WARN_DOCUMENTATION_COMMENTS = YES;
				CLANG_WARN_EMPTY_BODY = YES;
				CLANG_WARN_ENUM_CONVERSION = YES;
				CLANG_WARN_INFINITE_RECURSION = YES;
				CLANG_WARN_INT_CONVERSION = YES;
				CLANG_WARN_NON_LITERAL_NULL_CONVERSION = YES;
				CLANG_WARN_OBJC_IMPLICIT_RETAIN_SELF = YES;
				CLANG_WARN_OBJC_LITERAL_CONVERSION = YES;
				CLANG_WARN_OBJC_ROOT_CLASS = YES_ERROR;
				CLANG_WARN_QUOTED_INCLUDE_IN_FRAMEWORK_HEADER = YES;
				CLANG_WARN_RANGE_LOOP_ANALYSIS = YES;
				CLANG_WARN_STRICT_PROTOTYPES = YES;
				CLANG_WARN_SUSPICIOUS_MOVE = YES;
				CLANG_WARN_UNGUARDED_AVAILABILITY = YES_AGGRESSIVE;
				CLANG_WARN_UNREACHABLE_CODE = YES;
				CLANG_WARN__DUPLICATE_METHOD_MATCH = YES;
				COPY_PHASE_STRIP = NO;
				DEBUG_INFORMATION_FORMAT = dwarf;
				ENABLE_STRICT_OBJC_MSGSEND = YES;
				ENABLE_TESTABILITY = YES;
				GCC_C_LANGUAGE_STANDARD = gnu11;
				GCC_DYNAMIC_NO_PIC = NO;
				GCC_NO_COMMON_BLOCKS = YES;
				GCC_OPTIMIZATION_LEVEL = 0;
				GCC_PREPROCESSOR_DEFINITIONS = (
					"$(inherited)",
					"DEBUG=1",
				);
				GCC_WARN_64_TO_32_BIT_CONVERSION = YES;
				GCC_WARN_ABOUT_RETURN_TYPE = YES_ERROR;
				GCC_WARN_UNDECLARED_SELECTOR = YES;
				GCC_WARN_UNINITIALIZED_AUTOS = YES_AGGRESSIVE;
				GCC_WARN_UNUSED_FUNCTION = YES;
				GCC_WARN_UNUSED_VARIABLE = YES;
				IPHONEOS_DEPLOYMENT_TARGET = 15.0;
				MTL_ENABLE_DEBUG_INFO = INCLUDE_SOURCE;
				MTL_FAST_MATH = YES;
				ONLY_ACTIVE_ARCH = YES;
				PRODUCT_NAME = "$(TARGET_NAME)";
				SDKROOT = iphoneos;
				SWIFT_ACTIVE_COMPILATION_CONDITIONS = DEBUG;
				SWIFT_OPTIMIZATION_LEVEL = "-Onone";
				SWIFT_VERSION = 5.0;
			};
			name = Debug;
		};
/* End XCBuildConfiguration section */

/* Begin XCConfigurationList section */
		8306CF4E7DE493C1FD460FE5 /* Build configuration list for PBXNativeTarget "GazeTrackerPhase1" */ = {
			isa = XCConfigurationList;
			buildConfigurations = (
				DB4149B78EFB1BD1FAF6B6E8 /* Debug */,
				578B9DBAB9310B16D8E720A0 /* Release */,
			);
			defaultConfigurationIsVisible = 0;
			defaultConfigurationName = Debug;
		};
		B276039D649E3A3AF568A563 /* Build configuration list for PBXProject "GazeTrackerPhase1" */ = {
			isa = XCConfigurationList;
			buildConfigurations = (
				F51297CF4BC4FB9913F7AE5E /* Debug */,
				9DFE5CB65402A079255C2E89 /* Release */,
			);
			defaultConfigurationIsVisible = 0;
			defaultConfigurationName = Debug;
		};
/* End XCConfigurationList section */

/* Begin XCRemoteSwiftPackageReference section */
		9B37C30631D2DF159562E67E /* XCRemoteSwiftPackageReference "SwiftTasksVision" */ = {
			isa = XCRemoteSwiftPackageReference;
			repositoryURL = "https://github.com/paescebu/SwiftTasksVision.git";
			requirement = {
				kind = upToNextMajorVersion;
				minimumVersion = 0.10.21;
			};
		};
/* End XCRemoteSwiftPackageReference section */

/* Begin XCSwiftPackageProductDependency section */
		8D3139C257EE27941E7D222B /* SwiftTasksVision */ = {
			isa = XCSwiftPackageProductDependency;
			package = 9B37C30631D2DF159562E67E /* XCRemoteSwiftPackageReference "SwiftTasksVision" */;
			productName = SwiftTasksVision;
		};
/* End XCSwiftPackageProductDependency section */
	};
	rootObject = 76F4B9A47B83B2E81BCEBBD1 /* Project object */;
}
